
Microsoft Visual Studio Solution File, Format Version 12.00
# Visual Studio Version 17
VisualStudioVersion = 17.9.34728.123
MinimumVisualStudioVersion = 10.0.40219.1
Project("{FAE04EC0-301F-11D3-BF4B-00C04F79EFBC}") = "Buckshot Roulette - Devilslayer", "Buckshot Roulette - Devilslayer.csproj", "{BA4B990C-6294-42F2-9977-2FCBDCC19102}"
EndProject
Global
	GlobalSection(SolutionConfigurationPlatforms) = preSolution
		Debug|Any CPU = Debug|Any CPU
		Release|Any CPU = Release|Any CPU
	EndGlobalSection
	GlobalSection(ProjectConfigurationPlatforms) = postSolution
		{BA4B990C-6294-42F2-9977-2FCBDCC19102}.Debug|Any CPU.ActiveCfg = Debug|Any CPU
		{BA4B990C-6294-42F2-9977-2FCBDCC19102}.Debug|Any CPU.Build.0 = Debug|Any CPU
		{BA4B990C-6294-42F2-9977-2FCBDCC19102}.Release|Any CPU.ActiveCfg = Release|Any CPU
		{BA4B990C-6294-42F2-9977-2FCBDCC19102}.Release|Any CPU.Build.0 = Release|Any CPU
	EndGlobalSection
	GlobalSection(SolutionProperties) = preSolution
		HideSolutionNode = FALSE
	EndGlobalSection
	GlobalSection(ExtensibilityGlobals) = postSolution
		SolutionGuid = {C7C62EC5-31E5-4646-9A9D-0380CA7EA16D}
	EndGlobalSection
EndGlobal
